// !$*UTF8*$!
{
	archiveVersion = 1;
	classes = {
	};
	objectVersion = 56;
	objects = {

/* Begin PBXBuildFile section */
		44539D3D2C03FBD90055E425 /* CellView.swift in Sources */ = {isa = PBXBuildFile; fileRef = 44539D3C2C03FBD90055E425 /* CellView.swift */; };
		44539D402C03FC090055E425 /* ObstructionView.swift in Sources */ = {isa = PBXBuildFile; fileRef = 44539D3F2C03FC090055E425 /* ObstructionView.swift */; };
		44539D432C03FC4E0055E425 /* Cell.swift in Sources */ = {isa = PBXBuildFile; fileRef = 44539D422C03FC4E0055E425 /* Cell.swift */; };
		44539D452C03FC5F0055E425 /* Cluster.swift in Sources */ = {isa = PBXBuildFile; fileRef = 44539D442C03FC5F0055E425 /* Cluster.swift */; };
		44539D472C03FD100055E425 /* Obstruction.swift in Sources */ = {isa = PBXBuildFile; fileRef = 44539D462C03FD100055E425 /* Obstruction.swift */; };
		44539D492C03FD420055E425 /* Turn.swift in Sources */ = {isa = PBXBuildFile; fileRef = 44539D482C03FD420055E425 /* Turn.swift */; };
		44539D4B2C03FD790055E425 /* Player.swift in Sources */ = {isa = PBXBuildFile; fileRef = 44539D4A2C03FD790055E425 /* Player.swift */; };
		44539D4D2C03FDA20055E425 /* CellCoordinate.swift in Sources */ = {isa = PBXBuildFile; fileRef = 44539D4C2C03FDA20055E425 /* CellCoordinate.swift */; };
		44539D4F2C0400EA0055E425 /* Game.swift in Sources */ = {isa = PBXBuildFile; fileRef = 44539D4E2C0400EA0055E425 /* Game.swift */; };
		44539D512C0400FD0055E425 /* GifImageView.swift in Sources */ = {isa = PBXBuildFile; fileRef = 44539D502C0400FD0055E425 /* GifImageView.swift */; };
		44539D552C04017B0055E425 /* Map.swift in Sources */ = {isa = PBXBuildFile; fileRef = 44539D542C04017B0055E425 /* Map.swift */; };
		44671F392C00D887004DB08A /* SwiftFormat in Frameworks */ = {isa = PBXBuildFile; productRef = 44671F382C00D887004DB08A /* SwiftFormat */; };
		44671F3B2C00D887004DB08A /* SwiftFormatConfiguration in Frameworks */ = {isa = PBXBuildFile; productRef = 44671F3A2C00D887004DB08A /* SwiftFormatConfiguration */; };
		44671F3D2C00D887004DB08A /* swift-format in Frameworks */ = {isa = PBXBuildFile; productRef = 44671F3C2C00D887004DB08A /* swift-format */; };
		44671F422C00DC0C004DB08A /* .swiftlint.yml in Resources */ = {isa = PBXBuildFile; fileRef = 44671F412C00DC0C004DB08A /* .swiftlint.yml */; };
		44671F442C00DCD2004DB08A /* .swiftformat in Resources */ = {isa = PBXBuildFile; fileRef = 44671F432C00DCD2004DB08A /* .swiftformat */; };
		446DA8A52C2F79B300369A64 /* fog.gif in Resources */ = {isa = PBXBuildFile; fileRef = 446DA8A42C2F79B300369A64 /* fog.gif */; };
		44716AB32C0164B700BE5B9B /* .gitignore in Resources */ = {isa = PBXBuildFile; fileRef = 44716AB22C0164B700BE5B9B /* .gitignore */; };
		448EB2D12C0A10E600ACAE3B /* MapView.swift in Sources */ = {isa = PBXBuildFile; fileRef = 448EB2D02C0A10E600ACAE3B /* MapView.swift */; };
		449D38062C2CDA3C0009EF1B /* GameSettings.swift in Sources */ = {isa = PBXBuildFile; fileRef = 449D38052C2CDA3C0009EF1B /* GameSettings.swift */; };
		449D38082C2CDDC40009EF1B /* InfectionType.swift in Sources */ = {isa = PBXBuildFile; fileRef = 449D38072C2CDDC40009EF1B /* InfectionType.swift */; };
		449D380B2C2CE0AD0009EF1B /* CellType.swift in Sources */ = {isa = PBXBuildFile; fileRef = 449D380A2C2CE0AD0009EF1B /* CellType.swift */; };
		449D380D2C2CE0B40009EF1B /* CellForm.swift in Sources */ = {isa = PBXBuildFile; fileRef = 449D380C2C2CE0B40009EF1B /* CellForm.swift */; };
		449D38152C2D83400009EF1B /* Triangle.swift in Sources */ = {isa = PBXBuildFile; fileRef = 449D38142C2D83400009EF1B /* Triangle.swift */; };
		449D38172C2D83480009EF1B /* Hexagon.swift in Sources */ = {isa = PBXBuildFile; fileRef = 449D38162C2D83480009EF1B /* Hexagon.swift */; };
		449D38192C2D85AA0009EF1B /* CellShape.swift in Sources */ = {isa = PBXBuildFile; fileRef = 449D38182C2D85AA0009EF1B /* CellShape.swift */; };
		44CF90D22C12316D003BD834 /* View+.swift in Sources */ = {isa = PBXBuildFile; fileRef = 44CF90D02C12316D003BD834 /* View+.swift */; };
		44CF90D72C123188003BD834 /* SafeAreaInsets.swift in Sources */ = {isa = PBXBuildFile; fileRef = 44CF90D42C123188003BD834 /* SafeAreaInsets.swift */; };
		44CF90D82C123188003BD834 /* Screen.swift in Sources */ = {isa = PBXBuildFile; fileRef = 44CF90D52C123188003BD834 /* Screen.swift */; };
		44CF90D92C123188003BD834 /* SizePreferenceKey.swift in Sources */ = {isa = PBXBuildFile; fileRef = 44CF90D62C123188003BD834 /* SizePreferenceKey.swift */; };
		44D088A92BFCC36400157EAD /* InfectionApp.swift in Sources */ = {isa = PBXBuildFile; fileRef = 44D088A82BFCC36400157EAD /* InfectionApp.swift */; };
		44D088AB2BFCC36400157EAD /* ContentView.swift in Sources */ = {isa = PBXBuildFile; fileRef = 44D088AA2BFCC36400157EAD /* ContentView.swift */; };
		44D088AD2BFCC36500157EAD /* Assets.xcassets in Resources */ = {isa = PBXBuildFile; fileRef = 44D088AC2BFCC36500157EAD /* Assets.xcassets */; };
		44D088B02BFCC36500157EAD /* Preview Assets.xcassets in Resources */ = {isa = PBXBuildFile; fileRef = 44D088AF2BFCC36500157EAD /* Preview Assets.xcassets */; };
		44D088B72BFCC39400157EAD /* MenuView.swift in Sources */ = {isa = PBXBuildFile; fileRef = 44D088B62BFCC39400157EAD /* MenuView.swift */; };
		44D088B92BFCC3DB00157EAD /* MatchManager.swift in Sources */ = {isa = PBXBuildFile; fileRef = 44D088B82BFCC3DB00157EAD /* MatchManager.swift */; };
		44D088BB2BFCC3EB00157EAD /* Mics.swift in Sources */ = {isa = PBXBuildFile; fileRef = 44D088BA2BFCC3EB00157EAD /* Mics.swift */; };
		44D088BD2BFCC7D400157EAD /* GameView.swift in Sources */ = {isa = PBXBuildFile; fileRef = 44D088BC2BFCC7D400157EAD /* GameView.swift */; };
		44D088C12BFDFF9500157EAD /* portal1.gif in Resources */ = {isa = PBXBuildFile; fileRef = 44D088C02BFDFF9500157EAD /* portal1.gif */; };
		44D088C32BFE136700157EAD /* portal2.gif in Resources */ = {isa = PBXBuildFile; fileRef = 44D088C22BFE136700157EAD /* portal2.gif */; };
		44F0A2402C10D2840006372B /* MapPickerView.swift in Sources */ = {isa = PBXBuildFile; fileRef = 44F0A23F2C10D2840006372B /* MapPickerView.swift */; };
		44FDB1632C29F98C00BF5CD6 /* Copyable.swift in Sources */ = {isa = PBXBuildFile; fileRef = 44FDB1622C29F98C00BF5CD6 /* Copyable.swift */; };
		44FDB1652C2A002B00BF5CD6 /* PreviewMapView.swift in Sources */ = {isa = PBXBuildFile; fileRef = 44FDB1642C2A002B00BF5CD6 /* PreviewMapView.swift */; };
		44FDB1672C2A18B800BF5CD6 /* MapCreatorView.swift in Sources */ = {isa = PBXBuildFile; fileRef = 44FDB1662C2A18B800BF5CD6 /* MapCreatorView.swift */; };
		44FDB1692C2A1B8F00BF5CD6 /* CreateGameView.swift in Sources */ = {isa = PBXBuildFile; fileRef = 44FDB1682C2A1B8F00BF5CD6 /* CreateGameView.swift */; };
/* End PBXBuildFile section */

/* Begin PBXFileReference section */
		44539D3C2C03FBD90055E425 /* CellView.swift */ = {isa = PBXFileReference; lastKnownFileType = sourcecode.swift; path = CellView.swift; sourceTree = "<group>"; };
		44539D3F2C03FC090055E425 /* ObstructionView.swift */ = {isa = PBXFileReference; lastKnownFileType = sourcecode.swift; path = ObstructionView.swift; sourceTree = "<group>"; };
		44539D422C03FC4E0055E425 /* Cell.swift */ = {isa = PBXFileReference; lastKnownFileType = sourcecode.swift; path = Cell.swift; sourceTree = "<group>"; };
		44539D442C03FC5F0055E425 /* Cluster.swift */ = {isa = PBXFileReference; lastKnownFileType = sourcecode.swift; path = Cluster.swift; sourceTree = "<group>"; };
		44539D462C03FD100055E425 /* Obstruction.swift */ = {isa = PBXFileReference; lastKnownFileType = sourcecode.swift; path = Obstruction.swift; sourceTree = "<group>"; };
		44539D482C03FD420055E425 /* Turn.swift */ = {isa = PBXFileReference; lastKnownFileType = sourcecode.swift; path = Turn.swift; sourceTree = "<group>"; };
		44539D4A2C03FD790055E425 /* Player.swift */ = {isa = PBXFileReference; lastKnownFileType = sourcecode.swift; path = Player.swift; sourceTree = "<group>"; };
		44539D4C2C03FDA20055E425 /* CellCoordinate.swift */ = {isa = PBXFileReference; lastKnownFileType = sourcecode.swift; path = CellCoordinate.swift; sourceTree = "<group>"; };
		44539D4E2C0400EA0055E425 /* Game.swift */ = {isa = PBXFileReference; lastKnownFileType = sourcecode.swift; path = Game.swift; sourceTree = "<group>"; };
		44539D502C0400FD0055E425 /* GifImageView.swift */ = {isa = PBXFileReference; lastKnownFileType = sourcecode.swift; path = GifImageView.swift; sourceTree = "<group>"; };
		44539D542C04017B0055E425 /* Map.swift */ = {isa = PBXFileReference; lastKnownFileType = sourcecode.swift; path = Map.swift; sourceTree = "<group>"; };
		44671F412C00DC0C004DB08A /* .swiftlint.yml */ = {isa = PBXFileReference; fileEncoding = 4; lastKnownFileType = text.yaml; path = .swiftlint.yml; sourceTree = "<group>"; };
		44671F432C00DCD2004DB08A /* .swiftformat */ = {isa = PBXFileReference; fileEncoding = 4; lastKnownFileType = text; path = .swiftformat; sourceTree = "<group>"; };
		446DA8A42C2F79B300369A64 /* fog.gif */ = {isa = PBXFileReference; lastKnownFileType = image.gif; path = fog.gif; sourceTree = "<group>"; };
		44716AB22C0164B700BE5B9B /* .gitignore */ = {isa = PBXFileReference; lastKnownFileType = text; path = .gitignore; sourceTree = "<group>"; };
		44716AB42C024E1A00BE5B9B /* Infection.entitlements */ = {isa = PBXFileReference; lastKnownFileType = text.plist.entitlements; path = Infection.entitlements; sourceTree = "<group>"; };
		448EB2D02C0A10E600ACAE3B /* MapView.swift */ = {isa = PBXFileReference; lastKnownFileType = sourcecode.swift; path = MapView.swift; sourceTree = "<group>"; };
		449D38052C2CDA3C0009EF1B /* GameSettings.swift */ = {isa = PBXFileReference; lastKnownFileType = sourcecode.swift; path = GameSettings.swift; sourceTree = "<group>"; };
		449D38072C2CDDC40009EF1B /* InfectionType.swift */ = {isa = PBXFileReference; lastKnownFileType = sourcecode.swift; path = InfectionType.swift; sourceTree = "<group>"; };
		449D380A2C2CE0AD0009EF1B /* CellType.swift */ = {isa = PBXFileReference; lastKnownFileType = sourcecode.swift; path = CellType.swift; sourceTree = "<group>"; };
		449D380C2C2CE0B40009EF1B /* CellForm.swift */ = {isa = PBXFileReference; lastKnownFileType = sourcecode.swift; path = CellForm.swift; sourceTree = "<group>"; };
		449D38142C2D83400009EF1B /* Triangle.swift */ = {isa = PBXFileReference; lastKnownFileType = sourcecode.swift; path = Triangle.swift; sourceTree = "<group>"; };
		449D38162C2D83480009EF1B /* Hexagon.swift */ = {isa = PBXFileReference; lastKnownFileType = sourcecode.swift; path = Hexagon.swift; sourceTree = "<group>"; };
		449D38182C2D85AA0009EF1B /* CellShape.swift */ = {isa = PBXFileReference; lastKnownFileType = sourcecode.swift; path = CellShape.swift; sourceTree = "<group>"; };
		44CF90D02C12316D003BD834 /* View+.swift */ = {isa = PBXFileReference; fileEncoding = 4; lastKnownFileType = sourcecode.swift; path = "View+.swift"; sourceTree = "<group>"; };
		44CF90D42C123188003BD834 /* SafeAreaInsets.swift */ = {isa = PBXFileReference; fileEncoding = 4; lastKnownFileType = sourcecode.swift; path = SafeAreaInsets.swift; sourceTree = "<group>"; };
		44CF90D52C123188003BD834 /* Screen.swift */ = {isa = PBXFileReference; fileEncoding = 4; lastKnownFileType = sourcecode.swift; path = Screen.swift; sourceTree = "<group>"; };
		44CF90D62C123188003BD834 /* SizePreferenceKey.swift */ = {isa = PBXFileReference; fileEncoding = 4; lastKnownFileType = sourcecode.swift; path = SizePreferenceKey.swift; sourceTree = "<group>"; };
		44D088A52BFCC36400157EAD /* Infection.app */ = {isa = PBXFileReference; explicitFileType = wrapper.application; includeInIndex = 0; path = Infection.app; sourceTree = BUILT_PRODUCTS_DIR; };
		44D088A82BFCC36400157EAD /* InfectionApp.swift */ = {isa = PBXFileReference; lastKnownFileType = sourcecode.swift; path = InfectionApp.swift; sourceTree = "<group>"; };
		44D088AA2BFCC36400157EAD /* ContentView.swift */ = {isa = PBXFileReference; lastKnownFileType = sourcecode.swift; path = ContentView.swift; sourceTree = "<group>"; };
		44D088AC2BFCC36500157EAD /* Assets.xcassets */ = {isa = PBXFileReference; lastKnownFileType = folder.assetcatalog; path = Assets.xcassets; sourceTree = "<group>"; };
		44D088AF2BFCC36500157EAD /* Preview Assets.xcassets */ = {isa = PBXFileReference; lastKnownFileType = folder.assetcatalog; path = "Preview Assets.xcassets"; sourceTree = "<group>"; };
		44D088B62BFCC39400157EAD /* MenuView.swift */ = {isa = PBXFileReference; lastKnownFileType = sourcecode.swift; path = MenuView.swift; sourceTree = "<group>"; };
		44D088B82BFCC3DB00157EAD /* MatchManager.swift */ = {isa = PBXFileReference; lastKnownFileType = sourcecode.swift; path = MatchManager.swift; sourceTree = "<group>"; };
		44D088BA2BFCC3EB00157EAD /* Mics.swift */ = {isa = PBXFileReference; lastKnownFileType = sourcecode.swift; path = Mics.swift; sourceTree = "<group>"; };
		44D088BC2BFCC7D400157EAD /* GameView.swift */ = {isa = PBXFileReference; lastKnownFileType = sourcecode.swift; path = GameView.swift; sourceTree = "<group>"; };
		44D088C02BFDFF9500157EAD /* portal1.gif */ = {isa = PBXFileReference; lastKnownFileType = image.gif; path = portal1.gif; sourceTree = "<group>"; };
		44D088C22BFE136700157EAD /* portal2.gif */ = {isa = PBXFileReference; lastKnownFileType = image.gif; path = portal2.gif; sourceTree = "<group>"; };
		44F0A23F2C10D2840006372B /* MapPickerView.swift */ = {isa = PBXFileReference; lastKnownFileType = sourcecode.swift; path = MapPickerView.swift; sourceTree = "<group>"; };
		44FDB1622C29F98C00BF5CD6 /* Copyable.swift */ = {isa = PBXFileReference; lastKnownFileType = sourcecode.swift; path = Copyable.swift; sourceTree = "<group>"; };
		44FDB1642C2A002B00BF5CD6 /* PreviewMapView.swift */ = {isa = PBXFileReference; lastKnownFileType = sourcecode.swift; path = PreviewMapView.swift; sourceTree = "<group>"; };
		44FDB1662C2A18B800BF5CD6 /* MapCreatorView.swift */ = {isa = PBXFileReference; lastKnownFileType = sourcecode.swift; path = MapCreatorView.swift; sourceTree = "<group>"; };
		44FDB1682C2A1B8F00BF5CD6 /* CreateGameView.swift */ = {isa = PBXFileReference; lastKnownFileType = sourcecode.swift; path = CreateGameView.swift; sourceTree = "<group>"; };
/* End PBXFileReference section */

/* Begin PBXFrameworksBuildPhase section */
		44D088A22BFCC36400157EAD /* Frameworks */ = {
			isa = PBXFrameworksBuildPhase;
			buildActionMask = 2147483647;
			files = (
				44671F3B2C00D887004DB08A /* SwiftFormatConfiguration in Frameworks */,
				44671F392C00D887004DB08A /* SwiftFormat in Frameworks */,
				44671F3D2C00D887004DB08A /* swift-format in Frameworks */,
			);
			runOnlyForDeploymentPostprocessing = 0;
		};
/* End PBXFrameworksBuildPhase section */

/* Begin PBXGroup section */
		44539D3E2C03FBF50055E425 /* UI */ = {
			isa = PBXGroup;
			children = (
				449D38102C2CE2EB0009EF1B /* Cell */,
				44539D3F2C03FC090055E425 /* ObstructionView.swift */,
				449D38112C2CE2F70009EF1B /* Map */,
				449D38122C2CE3040009EF1B /* Game */,
				44D088B62BFCC39400157EAD /* MenuView.swift */,
				44D088AA2BFCC36400157EAD /* ContentView.swift */,
				44539D502C0400FD0055E425 /* GifImageView.swift */,
				449D38132C2D83310009EF1B /* Shapes */,
			);
			path = UI;
			sourceTree = "<group>";
		};
		44539D412C03FC460055E425 /* Model */ = {
			isa = PBXGroup;
			children = (
				449D38092C2CE09A0009EF1B /* Cell */,
				44539D442C03FC5F0055E425 /* Cluster.swift */,
				44539D462C03FD100055E425 /* Obstruction.swift */,
				44539D482C03FD420055E425 /* Turn.swift */,
				44539D4A2C03FD790055E425 /* Player.swift */,
				449D38072C2CDDC40009EF1B /* InfectionType.swift */,
				44539D542C04017B0055E425 /* Map.swift */,
				44539D4E2C0400EA0055E425 /* Game.swift */,
				449D38052C2CDA3C0009EF1B /* GameSettings.swift */,
				44D088B82BFCC3DB00157EAD /* MatchManager.swift */,
			);
			path = Model;
			sourceTree = "<group>";
		};
		449D38042C2CD9B80009EF1B /* Protocols */ = {
			isa = PBXGroup;
			children = (
				44FDB1622C29F98C00BF5CD6 /* Copyable.swift */,
			);
			path = Protocols;
			sourceTree = "<group>";
		};
		449D38092C2CE09A0009EF1B /* Cell */ = {
			isa = PBXGroup;
			children = (
				44539D422C03FC4E0055E425 /* Cell.swift */,
				44539D4C2C03FDA20055E425 /* CellCoordinate.swift */,
				449D380A2C2CE0AD0009EF1B /* CellType.swift */,
				449D380C2C2CE0B40009EF1B /* CellForm.swift */,
			);
			path = Cell;
			sourceTree = "<group>";
		};
		449D38102C2CE2EB0009EF1B /* Cell */ = {
			isa = PBXGroup;
			children = (
				44539D3C2C03FBD90055E425 /* CellView.swift */,
				449D38182C2D85AA0009EF1B /* CellShape.swift */,
			);
			path = Cell;
			sourceTree = "<group>";
		};
		449D38112C2CE2F70009EF1B /* Map */ = {
			isa = PBXGroup;
			children = (
				448EB2D02C0A10E600ACAE3B /* MapView.swift */,
				44F0A23F2C10D2840006372B /* MapPickerView.swift */,
				44FDB1642C2A002B00BF5CD6 /* PreviewMapView.swift */,
				44FDB1662C2A18B800BF5CD6 /* MapCreatorView.swift */,
			);
			path = Map;
			sourceTree = "<group>";
		};
		449D38122C2CE3040009EF1B /* Game */ = {
			isa = PBXGroup;
			children = (
				44D088BC2BFCC7D400157EAD /* GameView.swift */,
				44FDB1682C2A1B8F00BF5CD6 /* CreateGameView.swift */,
			);
			path = Game;
			sourceTree = "<group>";
		};
		449D38132C2D83310009EF1B /* Shapes */ = {
			isa = PBXGroup;
			children = (
				449D38142C2D83400009EF1B /* Triangle.swift */,
				449D38162C2D83480009EF1B /* Hexagon.swift */,
			);
			path = Shapes;
			sourceTree = "<group>";
		};
		44CF90CE2C12316D003BD834 /* Extensions */ = {
			isa = PBXGroup;
			children = (
				44CF90D02C12316D003BD834 /* View+.swift */,
			);
			path = Extensions;
			sourceTree = "<group>";
		};
		44CF90D32C123188003BD834 /* Utilities */ = {
			isa = PBXGroup;
			children = (
				44CF90D42C123188003BD834 /* SafeAreaInsets.swift */,
				44CF90D52C123188003BD834 /* Screen.swift */,
				44CF90D62C123188003BD834 /* SizePreferenceKey.swift */,
			);
			path = Utilities;
			sourceTree = "<group>";
		};
		44D0889C2BFCC36400157EAD = {
			isa = PBXGroup;
			children = (
				44716AB22C0164B700BE5B9B /* .gitignore */,
				44671F432C00DCD2004DB08A /* .swiftformat */,
				44671F412C00DC0C004DB08A /* .swiftlint.yml */,
				44D088A72BFCC36400157EAD /* Infection */,
				44D088A62BFCC36400157EAD /* Products */,
			);
			sourceTree = "<group>";
		};
		44D088A62BFCC36400157EAD /* Products */ = {
			isa = PBXGroup;
			children = (
				44D088A52BFCC36400157EAD /* Infection.app */,
			);
			name = Products;
			sourceTree = "<group>";
		};
		44D088A72BFCC36400157EAD /* Infection */ = {
			isa = PBXGroup;
			children = (
				44716AB42C024E1A00BE5B9B /* Infection.entitlements */,
				44D088A82BFCC36400157EAD /* InfectionApp.swift */,
				44D088BA2BFCC3EB00157EAD /* Mics.swift */,
				449D38042C2CD9B80009EF1B /* Protocols */,
				44CF90D32C123188003BD834 /* Utilities */,
				44CF90CE2C12316D003BD834 /* Extensions */,
				44539D412C03FC460055E425 /* Model */,
				44539D3E2C03FBF50055E425 /* UI */,
				44D088C02BFDFF9500157EAD /* portal1.gif */,
				44D088C22BFE136700157EAD /* portal2.gif */,
				446DA8A42C2F79B300369A64 /* fog.gif */,
				44D088AC2BFCC36500157EAD /* Assets.xcassets */,
				44D088AE2BFCC36500157EAD /* Preview Content */,
			);
			path = Infection;
			sourceTree = "<group>";
		};
		44D088AE2BFCC36500157EAD /* Preview Content */ = {
			isa = PBXGroup;
			children = (
				44D088AF2BFCC36500157EAD /* Preview Assets.xcassets */,
			);
			path = "Preview Content";
			sourceTree = "<group>";
		};
/* End PBXGroup section */

/* Begin PBXNativeTarget section */
		44D088A42BFCC36400157EAD /* Infection */ = {
			isa = PBXNativeTarget;
			buildConfigurationList = 44D088B32BFCC36500157EAD /* Build configuration list for PBXNativeTarget "Infection" */;
			buildPhases = (
				44D088A12BFCC36400157EAD /* Sources */,
				44D088A22BFCC36400157EAD /* Frameworks */,
				44D088A32BFCC36400157EAD /* Resources */,
			);
			buildRules = (
			);
			dependencies = (
			);
			name = Infection;
			packageProductDependencies = (
				44671F382C00D887004DB08A /* SwiftFormat */,
				44671F3A2C00D887004DB08A /* SwiftFormatConfiguration */,
				44671F3C2C00D887004DB08A /* swift-format */,
			);
			productName = Infection;
			productReference = 44D088A52BFCC36400157EAD /* Infection.app */;
			productType = "com.apple.product-type.application";
		};
/* End PBXNativeTarget section */

/* Begin PBXProject section */
		44D0889D2BFCC36400157EAD /* Project object */ = {
			isa = PBXProject;
			attributes = {
				BuildIndependentTargetsInParallel = 1;
				LastSwiftUpdateCheck = 1520;
				LastUpgradeCheck = 1520;
				TargetAttributes = {
					44D088A42BFCC36400157EAD = {
						CreatedOnToolsVersion = 15.2;
					};
				};
			};
			buildConfigurationList = 44D088A02BFCC36400157EAD /* Build configuration list for PBXProject "Infection" */;
			compatibilityVersion = "Xcode 14.0";
			developmentRegion = en;
			hasScannedForEncodings = 0;
			knownRegions = (
				en,
				Base,
			);
			mainGroup = 44D0889C2BFCC36400157EAD;
			packageReferences = (
				44671F372C00D887004DB08A /* XCRemoteSwiftPackageReference "swift-format" */,
			);
			productRefGroup = 44D088A62BFCC36400157EAD /* Products */;
			projectDirPath = "";
			projectRoot = "";
			targets = (
				44D088A42BFCC36400157EAD /* Infection */,
			);
		};
/* End PBXProject section */

/* Begin PBXResourcesBuildPhase section */
		44D088A32BFCC36400157EAD /* Resources */ = {
			isa = PBXResourcesBuildPhase;
			buildActionMask = 2147483647;
			files = (
				44671F422C00DC0C004DB08A /* .swiftlint.yml in Resources */,
				44716AB32C0164B700BE5B9B /* .gitignore in Resources */,
				44D088C12BFDFF9500157EAD /* portal1.gif in Resources */,
				44671F442C00DCD2004DB08A /* .swiftformat in Resources */,
				44D088B02BFCC36500157EAD /* Preview Assets.xcassets in Resources */,
				44D088C32BFE136700157EAD /* portal2.gif in Resources */,
				446DA8A52C2F79B300369A64 /* fog.gif in Resources */,
				44D088AD2BFCC36500157EAD /* Assets.xcassets in Resources */,
			);
			runOnlyForDeploymentPostprocessing = 0;
		};
/* End PBXResourcesBuildPhase section */

/* Begin PBXSourcesBuildPhase section */
		44D088A12BFCC36400157EAD /* Sources */ = {
			isa = PBXSourcesBuildPhase;
			buildActionMask = 2147483647;
			files = (
				44FDB1672C2A18B800BF5CD6 /* MapCreatorView.swift in Sources */,
				449D380B2C2CE0AD0009EF1B /* CellType.swift in Sources */,
				44539D472C03FD100055E425 /* Obstruction.swift in Sources */,
				449D38192C2D85AA0009EF1B /* CellShape.swift in Sources */,
				44D088AB2BFCC36400157EAD /* ContentView.swift in Sources */,
				44F0A2402C10D2840006372B /* MapPickerView.swift in Sources */,
				449D380D2C2CE0B40009EF1B /* CellForm.swift in Sources */,
				44CF90D92C123188003BD834 /* SizePreferenceKey.swift in Sources */,
				44CF90D22C12316D003BD834 /* View+.swift in Sources */,
				44539D4D2C03FDA20055E425 /* CellCoordinate.swift in Sources */,
				44D088BD2BFCC7D400157EAD /* GameView.swift in Sources */,
				44CF90D72C123188003BD834 /* SafeAreaInsets.swift in Sources */,
				449D38082C2CDDC40009EF1B /* InfectionType.swift in Sources */,
				44FDB1692C2A1B8F00BF5CD6 /* CreateGameView.swift in Sources */,
				44539D552C04017B0055E425 /* Map.swift in Sources */,
				44539D402C03FC090055E425 /* ObstructionView.swift in Sources */,
				44539D4B2C03FD790055E425 /* Player.swift in Sources */,
				44FDB1652C2A002B00BF5CD6 /* PreviewMapView.swift in Sources */,
				448EB2D12C0A10E600ACAE3B /* MapView.swift in Sources */,
				449D38152C2D83400009EF1B /* Triangle.swift in Sources */,
				44539D512C0400FD0055E425 /* GifImageView.swift in Sources */,
				44D088B92BFCC3DB00157EAD /* MatchManager.swift in Sources */,
				44539D492C03FD420055E425 /* Turn.swift in Sources */,
				44D088B72BFCC39400157EAD /* MenuView.swift in Sources */,
				44FDB1632C29F98C00BF5CD6 /* Copyable.swift in Sources */,
				449D38062C2CDA3C0009EF1B /* GameSettings.swift in Sources */,
				44CF90D82C123188003BD834 /* Screen.swift in Sources */,
				44539D3D2C03FBD90055E425 /* CellView.swift in Sources */,
				44539D452C03FC5F0055E425 /* Cluster.swift in Sources */,
				449D38172C2D83480009EF1B /* Hexagon.swift in Sources */,
				44539D432C03FC4E0055E425 /* Cell.swift in Sources */,
				44D088A92BFCC36400157EAD /* InfectionApp.swift in Sources */,
				44D088BB2BFCC3EB00157EAD /* Mics.swift in Sources */,
				44539D4F2C0400EA0055E425 /* Game.swift in Sources */,
			);
			runOnlyForDeploymentPostprocessing = 0;
		};
/* End PBXSourcesBuildPhase section */

/* Begin XCBuildConfiguration section */
		44D088B12BFCC36500157EAD /* Debug */ = {
			isa = XCBuildConfiguration;
			buildSettings = {
				ALWAYS_SEARCH_USER_PATHS = NO;
				ASSETCATALOG_COMPILER_GENERATE_SWIFT_ASSET_SYMBOL_EXTENSIONS = YES;
				CLANG_ANALYZER_NONNULL = YES;
				CLANG_ANALYZER_NUMBER_OBJECT_CONVERSION = YES_AGGRESSIVE;
				CLANG_CXX_LANGUAGE_STANDARD = "gnu++20";
				CLANG_ENABLE_MODULES = YES;
				CLANG_ENABLE_OBJC_ARC = YES;
				CLANG_ENABLE_OBJC_WEAK = YES;
				CLANG_WARN_BLOCK_CAPTURE_AUTORELEASING = YES;
				CLANG_WARN_BOOL_CONVERSION = YES;
				CLANG_WARN_COMMA = YES;
				CLANG_WARN_CONSTANT_CONVERSION = YES;
				CLANG_WARN_DEPRECATED_OBJC_IMPLEMENTATIONS = YES;
				CLANG_WARN_DIRECT_OBJC_ISA_USAGE = YES_ERROR;
				CLANG_WARN_DOCUMENTATION_COMMENTS = YES;
				CLANG_WARN_EMPTY_BODY = YES;
				CLANG_WARN_ENUM_CONVERSION = YES;
				CLANG_WARN_INFINITE_RECURSION = YES;
				CLANG_WARN_INT_CONVERSION = YES;
				CLANG_WARN_NON_LITERAL_NULL_CONVERSION = YES;
				CLANG_WARN_OBJC_IMPLICIT_RETAIN_SELF = YES;
				CLANG_WARN_OBJC_LITERAL_CONVERSION = YES;
				CLANG_WARN_OBJC_ROOT_CLASS = YES_ERROR;
				CLANG_WARN_QUOTED_INCLUDE_IN_FRAMEWORK_HEADER = YES;
				CLANG_WARN_RANGE_LOOP_ANALYSIS = YES;
				CLANG_WARN_STRICT_PROTOTYPES = YES;
				CLANG_WARN_SUSPICIOUS_MOVE = YES;
				CLANG_WARN_UNGUARDED_AVAILABILITY = YES_AGGRESSIVE;
				CLANG_WARN_UNREACHABLE_CODE = YES;
				CLANG_WARN__DUPLICATE_METHOD_MATCH = YES;
				COPY_PHASE_STRIP = NO;
				DEBUG_INFORMATION_FORMAT = dwarf;
				ENABLE_STRICT_OBJC_MSGSEND = YES;
				ENABLE_TESTABILITY = YES;
				ENABLE_USER_SCRIPT_SANDBOXING = YES;
				GCC_C_LANGUAGE_STANDARD = gnu17;
				GCC_DYNAMIC_NO_PIC = NO;
				GCC_NO_COMMON_BLOCKS = YES;
				GCC_OPTIMIZATION_LEVEL = 0;
				GCC_PREPROCESSOR_DEFINITIONS = (
					"DEBUG=1",
					"$(inherited)",
				);
				GCC_WARN_64_TO_32_BIT_CONVERSION = YES;
				GCC_WARN_ABOUT_RETURN_TYPE = YES_ERROR;
				GCC_WARN_UNDECLARED_SELECTOR = YES;
				GCC_WARN_UNINITIALIZED_AUTOS = YES_AGGRESSIVE;
				GCC_WARN_UNUSED_FUNCTION = YES;
				GCC_WARN_UNUSED_VARIABLE = YES;
				IPHONEOS_DEPLOYMENT_TARGET = 16.0;
				LOCALIZATION_PREFERS_STRING_CATALOGS = YES;
				MTL_ENABLE_DEBUG_INFO = INCLUDE_SOURCE;
				MTL_FAST_MATH = YES;
				ONLY_ACTIVE_ARCH = YES;
				SDKROOT = iphoneos;
				SWIFT_ACTIVE_COMPILATION_CONDITIONS = "DEBUG $(inherited)";
				SWIFT_OPTIMIZATION_LEVEL = "-Onone";
			};
			name = Debug;
		};
		44D088B22BFCC36500157EAD /* Release */ = {
			isa = XCBuildConfiguration;
			buildSettings = {
				ALWAYS_SEARCH_USER_PATHS = NO;
				ASSETCATALOG_COMPILER_GENERATE_SWIFT_ASSET_SYMBOL_EXTENSIONS = YES;
				CLANG_ANALYZER_NONNULL = YES;
				CLANG_ANALYZER_NUMBER_OBJECT_CONVERSION = YES_AGGRESSIVE;
				CLANG_CXX_LANGUAGE_STANDARD = "gnu++20";
				CLANG_ENABLE_MODULES = YES;
				CLANG_ENABLE_OBJC_ARC = YES;
				CLANG_ENABLE_OBJC_WEAK = YES;
				CLANG_WARN_BLOCK_CAPTURE_AUTORELEASING = YES;
				CLANG_WARN_BOOL_CONVERSION = YES;
				CLANG_WARN_COMMA = YES;
				CLANG_WARN_CONSTANT_CONVERSION = YES;
				CLANG_WARN_DEPRECATED_OBJC_IMPLEMENTATIONS = YES;
				CLANG_WARN_DIRECT_OBJC_ISA_USAGE = YES_ERROR;
				CLANG_WARN_DOCUMENTATION_COMMENTS = YES;
				CLANG_WARN_EMPTY_BODY = YES;
				CLANG_WARN_ENUM_CONVERSION = YES;
				CLANG_WARN_INFINITE_RECURSION = YES;
				CLANG_WARN_INT_CONVERSION = YES;
				CLANG_WARN_NON_LITERAL_NULL_CONVERSION = YES;
				CLANG_WARN_OBJC_IMPLICIT_RETAIN_SELF = YES;
				CLANG_WARN_OBJC_LITERAL_CONVERSION = YES;
				CLANG_WARN_OBJC_ROOT_CLASS = YES_ERROR;
				CLANG_WARN_QUOTED_INCLUDE_IN_FRAMEWORK_HEADER = YES;
				CLANG_WARN_RANGE_LOOP_ANALYSIS = YES;
				CLANG_WARN_STRICT_PROTOTYPES = YES;
				CLANG_WARN_SUSPICIOUS_MOVE = YES;
				CLANG_WARN_UNGUARDED_AVAILABILITY = YES_AGGRESSIVE;
				CLANG_WARN_UNREACHABLE_CODE = YES;
				CLANG_WARN__DUPLICATE_METHOD_MATCH = YES;
				COPY_PHASE_STRIP = NO;
				DEBUG_INFORMATION_FORMAT = "dwarf-with-dsym";
				ENABLE_NS_ASSERTIONS = NO;
				ENABLE_STRICT_OBJC_MSGSEND = YES;
				ENABLE_USER_SCRIPT_SANDBOXING = YES;
				GCC_C_LANGUAGE_STANDARD = gnu17;
				GCC_NO_COMMON_BLOCKS = YES;
				GCC_WARN_64_TO_32_BIT_CONVERSION = YES;
				GCC_WARN_ABOUT_RETURN_TYPE = YES_ERROR;
				GCC_WARN_UNDECLARED_SELECTOR = YES;
				GCC_WARN_UNINITIALIZED_AUTOS = YES_AGGRESSIVE;
				GCC_WARN_UNUSED_FUNCTION = YES;
				GCC_WARN_UNUSED_VARIABLE = YES;
				IPHONEOS_DEPLOYMENT_TARGET = 16.0;
				LOCALIZATION_PREFERS_STRING_CATALOGS = YES;
				MTL_ENABLE_DEBUG_INFO = NO;
				MTL_FAST_MATH = YES;
				SDKROOT = iphoneos;
				SWIFT_COMPILATION_MODE = wholemodule;
				VALIDATE_PRODUCT = YES;
			};
			name = Release;
		};
		44D088B42BFCC36500157EAD /* Debug */ = {
			isa = XCBuildConfiguration;
			buildSettings = {
				ASSETCATALOG_COMPILER_APPICON_NAME = AppIcon;
				ASSETCATALOG_COMPILER_GLOBAL_ACCENT_COLOR_NAME = AccentColor;
				CODE_SIGN_ENTITLEMENTS = Infection/Infection.entitlements;
				CODE_SIGN_STYLE = Automatic;
				CURRENT_PROJECT_VERSION = 1;
				DEVELOPMENT_ASSET_PATHS = "\"Infection/Preview Content\"";
				DEVELOPMENT_TEAM = 9RG3F774UN;
				ENABLE_PREVIEWS = YES;
				GENERATE_INFOPLIST_FILE = YES;
				INFOPLIST_KEY_UIApplicationSceneManifest_Generation = YES;
				INFOPLIST_KEY_UIApplicationSupportsIndirectInputEvents = YES;
				INFOPLIST_KEY_UILaunchScreen_Generation = YES;
				INFOPLIST_KEY_UISupportedInterfaceOrientations_iPad = "UIInterfaceOrientationPortrait UIInterfaceOrientationPortraitUpsideDown UIInterfaceOrientationLandscapeLeft UIInterfaceOrientationLandscapeRight";
				INFOPLIST_KEY_UISupportedInterfaceOrientations_iPhone = "UIInterfaceOrientationPortrait UIInterfaceOrientationLandscapeLeft UIInterfaceOrientationLandscapeRight";
				LD_RUNPATH_SEARCH_PATHS = (
					"$(inherited)",
					"@executable_path/Frameworks",
				);
				MARKETING_VERSION = 1.0;
				PRODUCT_BUNDLE_IDENTIFIER = com.volodymyrkhvaliuk.Infection;
				PRODUCT_NAME = "$(TARGET_NAME)";
				SWIFT_EMIT_LOC_STRINGS = YES;
				SWIFT_VERSION = 5.0;
				TARGETED_DEVICE_FAMILY = "1,2";
			};
			name = Debug;
		};
		44D088B52BFCC36500157EAD /* Release */ = {
			isa = XCBuildConfiguration;
			buildSettings = {
				ASSETCATALOG_COMPILER_APPICON_NAME = AppIcon;
				ASSETCATALOG_COMPILER_GLOBAL_ACCENT_COLOR_NAME = AccentColor;
				CODE_SIGN_ENTITLEMENTS = Infection/Infection.entitlements;
				CODE_SIGN_STYLE = Automatic;
				CURRENT_PROJECT_VERSION = 1;
				DEVELOPMENT_ASSET_PATHS = "\"Infection/Preview Content\"";
				DEVELOPMENT_TEAM = 9RG3F774UN;
				ENABLE_PREVIEWS = YES;
				GENERATE_INFOPLIST_FILE = YES;
				INFOPLIST_KEY_UIApplicationSceneManifest_Generation = YES;
				INFOPLIST_KEY_UIApplicationSupportsIndirectInputEvents = YES;
				INFOPLIST_KEY_UILaunchScreen_Generation = YES;
				INFOPLIST_KEY_UISupportedInterfaceOrientations_iPad = "UIInterfaceOrientationPortrait UIInterfaceOrientationPortraitUpsideDown UIInterfaceOrientationLandscapeLeft UIInterfaceOrientationLandscapeRight";
				INFOPLIST_KEY_UISupportedInterfaceOrientations_iPhone = "UIInterfaceOrientationPortrait UIInterfaceOrientationLandscapeLeft UIInterfaceOrientationLandscapeRight";
				LD_RUNPATH_SEARCH_PATHS = (
					"$(inherited)",
					"@executable_path/Frameworks",
				);
				MARKETING_VERSION = 1.0;
				PRODUCT_BUNDLE_IDENTIFIER = com.volodymyrkhvaliuk.Infection;
				PRODUCT_NAME = "$(TARGET_NAME)";
				SWIFT_EMIT_LOC_STRINGS = YES;
				SWIFT_VERSION = 5.0;
				TARGETED_DEVICE_FAMILY = "1,2";
			};
			name = Release;
		};
/* End XCBuildConfiguration section */

/* Begin XCConfigurationList section */
		44D088A02BFCC36400157EAD /* Build configuration list for PBXProject "Infection" */ = {
			isa = XCConfigurationList;
			buildConfigurations = (
				44D088B12BFCC36500157EAD /* Debug */,
				44D088B22BFCC36500157EAD /* Release */,
			);
			defaultConfigurationIsVisible = 0;
			defaultConfigurationName = Release;
		};
		44D088B32BFCC36500157EAD /* Build configuration list for PBXNativeTarget "Infection" */ = {
			isa = XCConfigurationList;
			buildConfigurations = (
				44D088B42BFCC36500157EAD /* Debug */,
				44D088B52BFCC36500157EAD /* Release */,
			);
			defaultConfigurationIsVisible = 0;
			defaultConfigurationName = Release;
		};
/* End XCConfigurationList section */

/* Begin XCRemoteSwiftPackageReference section */
		44671F372C00D887004DB08A /* XCRemoteSwiftPackageReference "swift-format" */ = {
			isa = XCRemoteSwiftPackageReference;
			repositoryURL = "https://github.com/apple/swift-format";
			requirement = {
				kind = upToNextMajorVersion;
				minimumVersion = 510.1.0;
			};
		};
/* End XCRemoteSwiftPackageReference section */

/* Begin XCSwiftPackageProductDependency section */
		44671F382C00D887004DB08A /* SwiftFormat */ = {
			isa = XCSwiftPackageProductDependency;
			package = 44671F372C00D887004DB08A /* XCRemoteSwiftPackageReference "swift-format" */;
			productName = SwiftFormat;
		};
		44671F3A2C00D887004DB08A /* SwiftFormatConfiguration */ = {
			isa = XCSwiftPackageProductDependency;
			package = 44671F372C00D887004DB08A /* XCRemoteSwiftPackageReference "swift-format" */;
			productName = SwiftFormatConfiguration;
		};
		44671F3C2C00D887004DB08A /* swift-format */ = {
			isa = XCSwiftPackageProductDependency;
			package = 44671F372C00D887004DB08A /* XCRemoteSwiftPackageReference "swift-format" */;
			productName = "swift-format";
		};
/* End XCSwiftPackageProductDependency section */
	};
	rootObject = 44D0889D2BFCC36400157EAD /* Project object */;
}
